
Microsoft Visual Studio Solution File, Format Version 12.00
# Visual Studio Version 17
VisualStudioVersion = 17.9.34902.65
MinimumVisualStudioVersion = 10.0.40219.1
Project("{2150E333-8FDC-42A3-9474-1A3956D46DE8}") = "src", "src", "{BA272840-66F6-4A3D-AA65-31D175F69ECB}"
EndProject
Project("{2150E333-8FDC-42A3-9474-1A3956D46DE8}") = "BackEnd", "BackEnd", "{85547224-2FF7-4F61-8896-9EF7DED0360F}"
EndProject
Project("{2150E333-8FDC-42A3-9474-1A3956D46DE8}") = "FrontEnd", "FrontEnd", "{A2B50129-98F5-4DC8-B77C-F05B8029A61F}"
EndProject
Project("{2150E333-8FDC-42A3-9474-1A3956D46DE8}") = "Common", "Common", "{6D0616A3-94A0-4EC3-9CDA-0C274E1AA9D4}"
EndProject
Project("{2150E333-8FDC-42A3-9474-1A3956D46DE8}") = "Infraestructure", "Infraestructure", "{F0664923-E4A9-4542-BA6C-D28E9F2A9D4D}"
EndProject
Project("{9A19103F-16F7-4668-BE54-9A1E7A4F7556}") = "ShopPro.Common.Data", "ShopPro.Common.Data\ShopPro.Common.Data.csproj", "{F07CF85E-D7D3-4954-91FF-589FA5FFF9EF}"
EndProject
Project("{9A19103F-16F7-4668-BE54-9A1E7A4F7556}") = "ShopPro.Infraestructure", "ShopPro.Infraestructure\ShopPro.Infraestructure.csproj", "{311F2F35-424E-45B2-B4CE-D5684C6412BE}"
EndProject
Project("{2150E333-8FDC-42A3-9474-1A3956D46DE8}") = "Modules", "Modules", "{8D83E229-B845-4900-8542-E56FE7327645}"
EndProject
Project("{2150E333-8FDC-42A3-9474-1A3956D46DE8}") = "Modules Management", "Modules Management", "{48A19471-600C-4ED3-A4B1-80BE7B4990C8}"
EndProject
Project("{2150E333-8FDC-42A3-9474-1A3956D46DE8}") = "Apis", "Apis", "{93E6AA68-A831-4D02-9B8D-C344EED21E5A}"
EndProject
Project("{2150E333-8FDC-42A3-9474-1A3956D46DE8}") = "Application", "Application", "{9240C79D-2040-4AA4-B4C3-58085DF9F2E4}"
EndProject
Project("{2150E333-8FDC-42A3-9474-1A3956D46DE8}") = "Domain", "Domain", "{BC216D27-840A-45F5-8434-5706426ADA26}"
EndProject
Project("{2150E333-8FDC-42A3-9474-1A3956D46DE8}") = "Persistence", "Persistence", "{7886DAB9-4F05-4075-90F0-56A083CA65C8}"
EndProject
Project("{9A19103F-16F7-4668-BE54-9A1E7A4F7556}") = "ShopPro.Modules.Api", "ShopPro.Modules.Api\ShopPro.Modules.Api.csproj", "{5A57BB49-840C-4E42-A602-A729947F6BF7}"
EndProject
Project("{9A19103F-16F7-4668-BE54-9A1E7A4F7556}") = "ShopPro.Modules.Application", "ShopPro.Modules.Application\ShopPro.Modules.Application.csproj", "{4885EB22-6D3B-4D90-8A75-17A77A659054}"
EndProject
Project("{9A19103F-16F7-4668-BE54-9A1E7A4F7556}") = "ShopPro.Modules.Domain", "ShopPro.Modules.Domain\ShopPro.Modules.Domain.csproj", "{0773DADC-4AB4-4E25-A94A-9D83D6893D61}"
EndProject
Project("{9A19103F-16F7-4668-BE54-9A1E7A4F7556}") = "ShopPro.Modules.Persistence", "ShopPro.Modules.Persistence\ShopPro.Modules.Persistence.csproj", "{A6DCE13C-40B6-4701-BA2B-C8BA35962BC1}"
EndProject
Project("{2150E333-8FDC-42A3-9474-1A3956D46DE8}") = "IOC", "IOC", "{0A8E895E-B020-4DCD-99A6-BCBB88FA04A3}"
EndProject
Project("{9A19103F-16F7-4668-BE54-9A1E7A4F7556}") = "ShopPro.Modules.IOC", "ShopPro.Modules.IOC\ShopPro.Modules.IOC.csproj", "{C1010547-701A-4E08-BE66-2678C003A55A}"
EndProject
Project("{FAE04EC0-301F-11D3-BF4B-00C04F79EFBC}") = "ShopPro.Web", "ShopPro.Web\ShopPro.Web.csproj", "{52A2BFCA-7984-46A5-A723-F39C28AA733B}"
EndProject
Global
	GlobalSection(SolutionConfigurationPlatforms) = preSolution
		Debug|Any CPU = Debug|Any CPU
		Release|Any CPU = Release|Any CPU
	EndGlobalSection
	GlobalSection(ProjectConfigurationPlatforms) = postSolution
		{F07CF85E-D7D3-4954-91FF-589FA5FFF9EF}.Debug|Any CPU.ActiveCfg = Debug|Any CPU
		{F07CF85E-D7D3-4954-91FF-589FA5FFF9EF}.Debug|Any CPU.Build.0 = Debug|Any CPU
		{F07CF85E-D7D3-4954-91FF-589FA5FFF9EF}.Release|Any CPU.ActiveCfg = Release|Any CPU
		{F07CF85E-D7D3-4954-91FF-589FA5FFF9EF}.Release|Any CPU.Build.0 = Release|Any CPU
		{311F2F35-424E-45B2-B4CE-D5684C6412BE}.Debug|Any CPU.ActiveCfg = Debug|Any CPU
		{311F2F35-424E-45B2-B4CE-D5684C6412BE}.Debug|Any CPU.Build.0 = Debug|Any CPU
		{311F2F35-424E-45B2-B4CE-D5684C6412BE}.Release|Any CPU.ActiveCfg = Release|Any CPU
		{311F2F35-424E-45B2-B4CE-D5684C6412BE}.Release|Any CPU.Build.0 = Release|Any CPU
		{5A57BB49-840C-4E42-A602-A729947F6BF7}.Debug|Any CPU.ActiveCfg = Debug|Any CPU
		{5A57BB49-840C-4E42-A602-A729947F6BF7}.Debug|Any CPU.Build.0 = Debug|Any CPU
		{5A57BB49-840C-4E42-A602-A729947F6BF7}.Release|Any CPU.ActiveCfg = Release|Any CPU
		{5A57BB49-840C-4E42-A602-A729947F6BF7}.Release|Any CPU.Build.0 = Release|Any CPU
		{4885EB22-6D3B-4D90-8A75-17A77A659054}.Debug|Any CPU.ActiveCfg = Debug|Any CPU
		{4885EB22-6D3B-4D90-8A75-17A77A659054}.Debug|Any CPU.Build.0 = Debug|Any CPU
		{4885EB22-6D3B-4D90-8A75-17A77A659054}.Release|Any CPU.ActiveCfg = Release|Any CPU
		{4885EB22-6D3B-4D90-8A75-17A77A659054}.Release|Any CPU.Build.0 = Release|Any CPU
		{0773DADC-4AB4-4E25-A94A-9D83D6893D61}.Debug|Any CPU.ActiveCfg = Debug|Any CPU
		{0773DADC-4AB4-4E25-A94A-9D83D6893D61}.Debug|Any CPU.Build.0 = Debug|Any CPU
		{0773DADC-4AB4-4E25-A94A-9D83D6893D61}.Release|Any CPU.ActiveCfg = Release|Any CPU
		{0773DADC-4AB4-4E25-A94A-9D83D6893D61}.Release|Any CPU.Build.0 = Release|Any CPU
		{A6DCE13C-40B6-4701-BA2B-C8BA35962BC1}.Debug|Any CPU.ActiveCfg = Debug|Any CPU
		{A6DCE13C-40B6-4701-BA2B-C8BA35962BC1}.Debug|Any CPU.Build.0 = Debug|Any CPU
		{A6DCE13C-40B6-4701-BA2B-C8BA35962BC1}.Release|Any CPU.ActiveCfg = Release|Any CPU
		{A6DCE13C-40B6-4701-BA2B-C8BA35962BC1}.Release|Any CPU.Build.0 = Release|Any CPU
		{C1010547-701A-4E08-BE66-2678C003A55A}.Debug|Any CPU.ActiveCfg = Debug|Any CPU
		{C1010547-701A-4E08-BE66-2678C003A55A}.Debug|Any CPU.Build.0 = Debug|Any CPU
		{C1010547-701A-4E08-BE66-2678C003A55A}.Release|Any CPU.ActiveCfg = Release|Any CPU
		{C1010547-701A-4E08-BE66-2678C003A55A}.Release|Any CPU.Build.0 = Release|Any CPU
		{52A2BFCA-7984-46A5-A723-F39C28AA733B}.Debug|Any CPU.ActiveCfg = Debug|Any CPU
		{52A2BFCA-7984-46A5-A723-F39C28AA733B}.Debug|Any CPU.Build.0 = Debug|Any CPU
		{52A2BFCA-7984-46A5-A723-F39C28AA733B}.Release|Any CPU.ActiveCfg = Release|Any CPU
		{52A2BFCA-7984-46A5-A723-F39C28AA733B}.Release|Any CPU.Build.0 = Release|Any CPU
	EndGlobalSection
	GlobalSection(SolutionProperties) = preSolution
		HideSolutionNode = FALSE
	EndGlobalSection
	GlobalSection(NestedProjects) = preSolution
		{85547224-2FF7-4F61-8896-9EF7DED0360F} = {BA272840-66F6-4A3D-AA65-31D175F69ECB}
		{A2B50129-98F5-4DC8-B77C-F05B8029A61F} = {BA272840-66F6-4A3D-AA65-31D175F69ECB}
		{6D0616A3-94A0-4EC3-9CDA-0C274E1AA9D4} = {85547224-2FF7-4F61-8896-9EF7DED0360F}
		{F0664923-E4A9-4542-BA6C-D28E9F2A9D4D} = {85547224-2FF7-4F61-8896-9EF7DED0360F}
		{F07CF85E-D7D3-4954-91FF-589FA5FFF9EF} = {6D0616A3-94A0-4EC3-9CDA-0C274E1AA9D4}
		{311F2F35-424E-45B2-B4CE-D5684C6412BE} = {F0664923-E4A9-4542-BA6C-D28E9F2A9D4D}
		{8D83E229-B845-4900-8542-E56FE7327645} = {85547224-2FF7-4F61-8896-9EF7DED0360F}
		{48A19471-600C-4ED3-A4B1-80BE7B4990C8} = {8D83E229-B845-4900-8542-E56FE7327645}
		{93E6AA68-A831-4D02-9B8D-C344EED21E5A} = {48A19471-600C-4ED3-A4B1-80BE7B4990C8}
		{9240C79D-2040-4AA4-B4C3-58085DF9F2E4} = {48A19471-600C-4ED3-A4B1-80BE7B4990C8}
		{BC216D27-840A-45F5-8434-5706426ADA26} = {48A19471-600C-4ED3-A4B1-80BE7B4990C8}
		{7886DAB9-4F05-4075-90F0-56A083CA65C8} = {48A19471-600C-4ED3-A4B1-80BE7B4990C8}
		{5A57BB49-840C-4E42-A602-A729947F6BF7} = {93E6AA68-A831-4D02-9B8D-C344EED21E5A}
		{4885EB22-6D3B-4D90-8A75-17A77A659054} = {9240C79D-2040-4AA4-B4C3-58085DF9F2E4}
		{0773DADC-4AB4-4E25-A94A-9D83D6893D61} = {BC216D27-840A-45F5-8434-5706426ADA26}
		{A6DCE13C-40B6-4701-BA2B-C8BA35962BC1} = {7886DAB9-4F05-4075-90F0-56A083CA65C8}
		{0A8E895E-B020-4DCD-99A6-BCBB88FA04A3} = {48A19471-600C-4ED3-A4B1-80BE7B4990C8}
		{C1010547-701A-4E08-BE66-2678C003A55A} = {0A8E895E-B020-4DCD-99A6-BCBB88FA04A3}
		{52A2BFCA-7984-46A5-A723-F39C28AA733B} = {A2B50129-98F5-4DC8-B77C-F05B8029A61F}
	EndGlobalSection
	GlobalSection(ExtensibilityGlobals) = postSolution
		SolutionGuid = {12D60FC1-FD3F-4CD1-B0AF-DCF039B2FF2F}
	EndGlobalSection
EndGlobal
